// !$*UTF8*$!
{
	archiveVersion = 1;
	classes = {
	};
	objectVersion = 46;
	objects = {

/* Begin PBXBuildFile section */
		8BE806091CB9FC5A0009F3C1 /* TapViewController.swift in Sources */ = {isa = PBXBuildFile; fileRef = 8BE806081CB9FC5A0009F3C1 /* TapViewController.swift */; };
		8BE806111CBA06870009F3C1 /* SuccessViewController.swift in Sources */ = {isa = PBXBuildFile; fileRef = 8BE806101CBA06870009F3C1 /* SuccessViewController.swift */; };
		FE358CAC1CB962C0006056AD /* AppDelegate.swift in Sources */ = {isa = PBXBuildFile; fileRef = FE358CAB1CB962C0006056AD /* AppDelegate.swift */; };
		FE358CAE1CB962C0006056AD /* ViewController.swift in Sources */ = {isa = PBXBuildFile; fileRef = FE358CAD1CB962C0006056AD /* ViewController.swift */; };
		FE358CB11CB962C0006056AD /* Main.storyboard in Resources */ = {isa = PBXBuildFile; fileRef = FE358CAF1CB962C0006056AD /* Main.storyboard */; };
		FE358CB31CB962C0006056AD /* Assets.xcassets in Resources */ = {isa = PBXBuildFile; fileRef = FE358CB21CB962C0006056AD /* Assets.xcassets */; };
		FE358CB61CB962C0006056AD /* LaunchScreen.storyboard in Resources */ = {isa = PBXBuildFile; fileRef = FE358CB41CB962C0006056AD /* LaunchScreen.storyboard */; };
		FE358CC11CB962C1006056AD /* ContapTests.swift in Sources */ = {isa = PBXBuildFile; fileRef = FE358CC01CB962C1006056AD /* ContapTests.swift */; };
		FE358CCC1CB962C1006056AD /* ContapUITests.swift in Sources */ = {isa = PBXBuildFile; fileRef = FE358CCB1CB962C1006056AD /* ContapUITests.swift */; };
		FE358CDA1CB979CF006056AD /* navigationBar.swift in Sources */ = {isa = PBXBuildFile; fileRef = FE358CD91CB979CF006056AD /* navigationBar.swift */; };
		FE358CDC1CB9A345006056AD /* NearbyTableViewController.swift in Sources */ = {isa = PBXBuildFile; fileRef = FE358CDB1CB9A345006056AD /* NearbyTableViewController.swift */; };
		FE358CDE1CB9E20A006056AD /* SignUpViewController.swift in Sources */ = {isa = PBXBuildFile; fileRef = FE358CDD1CB9E20A006056AD /* SignUpViewController.swift */; };
		FE358CF81CB9E81B006056AD /* ResultTableViewCell.swift in Sources */ = {isa = PBXBuildFile; fileRef = FE358CF71CB9E81B006056AD /* ResultTableViewCell.swift */; };
		FE358D011CB9EC9A006056AD /* Alamofire.framework in Frameworks */ = {isa = PBXBuildFile; fileRef = FE358CEA1CB9E749006056AD /* Alamofire.framework */; };
		FE358D021CB9EC9A006056AD /* Alamofire.framework in Embed Frameworks */ = {isa = PBXBuildFile; fileRef = FE358CEA1CB9E749006056AD /* Alamofire.framework */; settings = {ATTRIBUTES = (CodeSignOnCopy, RemoveHeadersOnCopy, ); }; };
/* End PBXBuildFile section */

/* Begin PBXContainerItemProxy section */
		FE358CBD1CB962C1006056AD /* PBXContainerItemProxy */ = {
			isa = PBXContainerItemProxy;
			containerPortal = FE358CA01CB962C0006056AD /* Project object */;
			proxyType = 1;
			remoteGlobalIDString = FE358CA71CB962C0006056AD;
			remoteInfo = Contap;
		};
		FE358CC81CB962C1006056AD /* PBXContainerItemProxy */ = {
			isa = PBXContainerItemProxy;
			containerPortal = FE358CA01CB962C0006056AD /* Project object */;
			proxyType = 1;
			remoteGlobalIDString = FE358CA71CB962C0006056AD;
			remoteInfo = Contap;
		};
		FE358CE91CB9E749006056AD /* PBXContainerItemProxy */ = {
			isa = PBXContainerItemProxy;
			containerPortal = FE358CDF1CB9E749006056AD /* Alamofire.xcodeproj */;
			proxyType = 2;
			remoteGlobalIDString = F8111E3319A95C8B0040E7D1;
			remoteInfo = "Alamofire iOS";
		};
		FE358CEB1CB9E749006056AD /* PBXContainerItemProxy */ = {
			isa = PBXContainerItemProxy;
			containerPortal = FE358CDF1CB9E749006056AD /* Alamofire.xcodeproj */;
			proxyType = 2;
			remoteGlobalIDString = F8111E3E19A95C8B0040E7D1;
			remoteInfo = "Alamofire iOS Tests";
		};
		FE358CED1CB9E749006056AD /* PBXContainerItemProxy */ = {
			isa = PBXContainerItemProxy;
			containerPortal = FE358CDF1CB9E749006056AD /* Alamofire.xcodeproj */;
			proxyType = 2;
			remoteGlobalIDString = 4DD67C0B1A5C55C900ED2280;
			remoteInfo = "Alamofire OSX";
		};
		FE358CEF1CB9E749006056AD /* PBXContainerItemProxy */ = {
			isa = PBXContainerItemProxy;
			containerPortal = FE358CDF1CB9E749006056AD /* Alamofire.xcodeproj */;
			proxyType = 2;
			remoteGlobalIDString = F829C6B21A7A94F100A2CD59;
			remoteInfo = "Alamofire OSX Tests";
		};
		FE358CF11CB9E749006056AD /* PBXContainerItemProxy */ = {
			isa = PBXContainerItemProxy;
			containerPortal = FE358CDF1CB9E749006056AD /* Alamofire.xcodeproj */;
			proxyType = 2;
			remoteGlobalIDString = 4CF626EF1BA7CB3E0011A099;
			remoteInfo = "Alamofire tvOS";
		};
		FE358CF31CB9E749006056AD /* PBXContainerItemProxy */ = {
			isa = PBXContainerItemProxy;
			containerPortal = FE358CDF1CB9E749006056AD /* Alamofire.xcodeproj */;
			proxyType = 2;
			remoteGlobalIDString = 4CF626F81BA7CB3E0011A099;
			remoteInfo = "Alamofire tvOS Tests";
		};
		FE358CF51CB9E749006056AD /* PBXContainerItemProxy */ = {
			isa = PBXContainerItemProxy;
			containerPortal = FE358CDF1CB9E749006056AD /* Alamofire.xcodeproj */;
			proxyType = 2;
			remoteGlobalIDString = E4202FE01B667AA100C997FB;
			remoteInfo = "Alamofire watchOS";
		};
		FE358D031CB9EC9A006056AD /* PBXContainerItemProxy */ = {
			isa = PBXContainerItemProxy;
			containerPortal = FE358CDF1CB9E749006056AD /* Alamofire.xcodeproj */;
			proxyType = 1;
			remoteGlobalIDString = F8111E3219A95C8B0040E7D1;
			remoteInfo = "Alamofire iOS";
		};
/* End PBXContainerItemProxy section */

/* Begin PBXCopyFilesBuildPhase section */
		FE358D051CB9EC9B006056AD /* Embed Frameworks */ = {
			isa = PBXCopyFilesBuildPhase;
			buildActionMask = 2147483647;
			dstPath = "";
			dstSubfolderSpec = 10;
			files = (
				FE358D021CB9EC9A006056AD /* Alamofire.framework in Embed Frameworks */,
			);
			name = "Embed Frameworks";
			runOnlyForDeploymentPostprocessing = 0;
		};
/* End PBXCopyFilesBuildPhase section */

/* Begin PBXFileReference section */
		8BE806081CB9FC5A0009F3C1 /* TapViewController.swift */ = {isa = PBXFileReference; fileEncoding = 4; lastKnownFileType = sourcecode.swift; path = TapViewController.swift; sourceTree = "<group>"; };
		8BE806101CBA06870009F3C1 /* SuccessViewController.swift */ = {isa = PBXFileReference; fileEncoding = 4; lastKnownFileType = sourcecode.swift; path = SuccessViewController.swift; sourceTree = "<group>"; };
		FE358CA81CB962C0006056AD /* Contap.app */ = {isa = PBXFileReference; explicitFileType = wrapper.application; includeInIndex = 0; path = Contap.app; sourceTree = BUILT_PRODUCTS_DIR; };
		FE358CAB1CB962C0006056AD /* AppDelegate.swift */ = {isa = PBXFileReference; lastKnownFileType = sourcecode.swift; path = AppDelegate.swift; sourceTree = "<group>"; };
		FE358CAD1CB962C0006056AD /* ViewController.swift */ = {isa = PBXFileReference; lastKnownFileType = sourcecode.swift; path = ViewController.swift; sourceTree = "<group>"; };
		FE358CB01CB962C0006056AD /* Base */ = {isa = PBXFileReference; lastKnownFileType = file.storyboard; name = Base; path = Base.lproj/Main.storyboard; sourceTree = "<group>"; };
		FE358CB21CB962C0006056AD /* Assets.xcassets */ = {isa = PBXFileReference; lastKnownFileType = folder.assetcatalog; path = Assets.xcassets; sourceTree = "<group>"; };
		FE358CB51CB962C0006056AD /* Base */ = {isa = PBXFileReference; lastKnownFileType = file.storyboard; name = Base; path = Base.lproj/LaunchScreen.storyboard; sourceTree = "<group>"; };
		FE358CB71CB962C0006056AD /* Info.plist */ = {isa = PBXFileReference; lastKnownFileType = text.plist.xml; path = Info.plist; sourceTree = "<group>"; };
		FE358CBC1CB962C1006056AD /* ContapTests.xctest */ = {isa = PBXFileReference; explicitFileType = wrapper.cfbundle; includeInIndex = 0; path = ContapTests.xctest; sourceTree = BUILT_PRODUCTS_DIR; };
		FE358CC01CB962C1006056AD /* ContapTests.swift */ = {isa = PBXFileReference; lastKnownFileType = sourcecode.swift; path = ContapTests.swift; sourceTree = "<group>"; };
		FE358CC21CB962C1006056AD /* Info.plist */ = {isa = PBXFileReference; lastKnownFileType = text.plist.xml; path = Info.plist; sourceTree = "<group>"; };
		FE358CC71CB962C1006056AD /* ContapUITests.xctest */ = {isa = PBXFileReference; explicitFileType = wrapper.cfbundle; includeInIndex = 0; path = ContapUITests.xctest; sourceTree = BUILT_PRODUCTS_DIR; };
		FE358CCB1CB962C1006056AD /* ContapUITests.swift */ = {isa = PBXFileReference; lastKnownFileType = sourcecode.swift; path = ContapUITests.swift; sourceTree = "<group>"; };
		FE358CCD1CB962C1006056AD /* Info.plist */ = {isa = PBXFileReference; lastKnownFileType = text.plist.xml; path = Info.plist; sourceTree = "<group>"; };
		FE358CD91CB979CF006056AD /* navigationBar.swift */ = {isa = PBXFileReference; fileEncoding = 4; lastKnownFileType = sourcecode.swift; path = navigationBar.swift; sourceTree = "<group>"; };
		FE358CDB1CB9A345006056AD /* NearbyTableViewController.swift */ = {isa = PBXFileReference; fileEncoding = 4; lastKnownFileType = sourcecode.swift; path = NearbyTableViewController.swift; sourceTree = "<group>"; };
		FE358CDD1CB9E20A006056AD /* SignUpViewController.swift */ = {isa = PBXFileReference; fileEncoding = 4; lastKnownFileType = sourcecode.swift; path = SignUpViewController.swift; sourceTree = "<group>"; };
		FE358CDF1CB9E749006056AD /* Alamofire.xcodeproj */ = {isa = PBXFileReference; lastKnownFileType = "wrapper.pb-project"; name = Alamofire.xcodeproj; path = Alamofire/Alamofire.xcodeproj; sourceTree = "<group>"; };
		FE358CF71CB9E81B006056AD /* ResultTableViewCell.swift */ = {isa = PBXFileReference; fileEncoding = 4; lastKnownFileType = sourcecode.swift; path = ResultTableViewCell.swift; sourceTree = "<group>"; };
/* End PBXFileReference section */

/* Begin PBXFrameworksBuildPhase section */
		FE358CA51CB962C0006056AD /* Frameworks */ = {
			isa = PBXFrameworksBuildPhase;
			buildActionMask = 2147483647;
			files = (
				FE358D011CB9EC9A006056AD /* Alamofire.framework in Frameworks */,
			);
			runOnlyForDeploymentPostprocessing = 0;
		};
		FE358CB91CB962C1006056AD /* Frameworks */ = {
			isa = PBXFrameworksBuildPhase;
			buildActionMask = 2147483647;
			files = (
			);
			runOnlyForDeploymentPostprocessing = 0;
		};
		FE358CC41CB962C1006056AD /* Frameworks */ = {
			isa = PBXFrameworksBuildPhase;
			buildActionMask = 2147483647;
			files = (
			);
			runOnlyForDeploymentPostprocessing = 0;
		};
/* End PBXFrameworksBuildPhase section */

/* Begin PBXGroup section */
		FE358C9F1CB962C0006056AD = {
			isa = PBXGroup;
			children = (
				FE358CDF1CB9E749006056AD /* Alamofire.xcodeproj */,
				FE358CAA1CB962C0006056AD /* Contap */,
				FE358CBF1CB962C1006056AD /* ContapTests */,
				FE358CCA1CB962C1006056AD /* ContapUITests */,
				FE358CA91CB962C0006056AD /* Products */,
			);
			sourceTree = "<group>";
		};
		FE358CA91CB962C0006056AD /* Products */ = {
			isa = PBXGroup;
			children = (
				FE358CA81CB962C0006056AD /* Contap.app */,
				FE358CBC1CB962C1006056AD /* ContapTests.xctest */,
				FE358CC71CB962C1006056AD /* ContapUITests.xctest */,
			);
			name = Products;
			sourceTree = "<group>";
		};
		FE358CAA1CB962C0006056AD /* Contap */ = {
			isa = PBXGroup;
			children = (
				FE358CAB1CB962C0006056AD /* AppDelegate.swift */,
				FE358CAD1CB962C0006056AD /* ViewController.swift */,
				FE358CAF1CB962C0006056AD /* Main.storyboard */,
				FE358CF71CB9E81B006056AD /* ResultTableViewCell.swift */,
				FE358CDB1CB9A345006056AD /* NearbyTableViewController.swift */,
				FE358CD91CB979CF006056AD /* navigationBar.swift */,
				FE358CB21CB962C0006056AD /* Assets.xcassets */,
				FE358CB41CB962C0006056AD /* LaunchScreen.storyboard */,
				FE358CB71CB962C0006056AD /* Info.plist */,
				FE358CDD1CB9E20A006056AD /* SignUpViewController.swift */,
				8BE806081CB9FC5A0009F3C1 /* TapViewController.swift */,
				8BE806101CBA06870009F3C1 /* SuccessViewController.swift */,
			);
			path = Contap;
			sourceTree = "<group>";
		};
		FE358CBF1CB962C1006056AD /* ContapTests */ = {
			isa = PBXGroup;
			children = (
				FE358CC01CB962C1006056AD /* ContapTests.swift */,
				FE358CC21CB962C1006056AD /* Info.plist */,
			);
			path = ContapTests;
			sourceTree = "<group>";
		};
		FE358CCA1CB962C1006056AD /* ContapUITests */ = {
			isa = PBXGroup;
			children = (
				FE358CCB1CB962C1006056AD /* ContapUITests.swift */,
				FE358CCD1CB962C1006056AD /* Info.plist */,
			);
			path = ContapUITests;
			sourceTree = "<group>";
		};
		FE358CE01CB9E749006056AD /* Products */ = {
			isa = PBXGroup;
			children = (
				FE358CEA1CB9E749006056AD /* Alamofire.framework */,
				FE358CEC1CB9E749006056AD /* Alamofire iOS Tests.xctest */,
				FE358CEE1CB9E749006056AD /* Alamofire.framework */,
				FE358CF01CB9E749006056AD /* Alamofire OSX Tests.xctest */,
				FE358CF21CB9E749006056AD /* Alamofire.framework */,
				FE358CF41CB9E749006056AD /* Alamofire tvOS Tests.xctest */,
				FE358CF61CB9E749006056AD /* Alamofire.framework */,
			);
			name = Products;
			sourceTree = "<group>";
		};
/* End PBXGroup section */

/* Begin PBXNativeTarget section */
		FE358CA71CB962C0006056AD /* Contap */ = {
			isa = PBXNativeTarget;
			buildConfigurationList = FE358CD01CB962C1006056AD /* Build configuration list for PBXNativeTarget "Contap" */;
			buildPhases = (
				FE358CA41CB962C0006056AD /* Sources */,
				FE358CA51CB962C0006056AD /* Frameworks */,
				FE358CA61CB962C0006056AD /* Resources */,
				FE358D051CB9EC9B006056AD /* Embed Frameworks */,
			);
			buildRules = (
			);
			dependencies = (
				FE358D041CB9EC9A006056AD /* PBXTargetDependency */,
			);
			name = Contap;
			productName = Contap;
			productReference = FE358CA81CB962C0006056AD /* Contap.app */;
			productType = "com.apple.product-type.application";
		};
		FE358CBB1CB962C1006056AD /* ContapTests */ = {
			isa = PBXNativeTarget;
			buildConfigurationList = FE358CD31CB962C1006056AD /* Build configuration list for PBXNativeTarget "ContapTests" */;
			buildPhases = (
				FE358CB81CB962C1006056AD /* Sources */,
				FE358CB91CB962C1006056AD /* Frameworks */,
				FE358CBA1CB962C1006056AD /* Resources */,
			);
			buildRules = (
			);
			dependencies = (
				FE358CBE1CB962C1006056AD /* PBXTargetDependency */,
			);
			name = ContapTests;
			productName = ContapTests;
			productReference = FE358CBC1CB962C1006056AD /* ContapTests.xctest */;
			productType = "com.apple.product-type.bundle.unit-test";
		};
		FE358CC61CB962C1006056AD /* ContapUITests */ = {
			isa = PBXNativeTarget;
			buildConfigurationList = FE358CD61CB962C1006056AD /* Build configuration list for PBXNativeTarget "ContapUITests" */;
			buildPhases = (
				FE358CC31CB962C1006056AD /* Sources */,
				FE358CC41CB962C1006056AD /* Frameworks */,
				FE358CC51CB962C1006056AD /* Resources */,
			);
			buildRules = (
			);
			dependencies = (
				FE358CC91CB962C1006056AD /* PBXTargetDependency */,
			);
			name = ContapUITests;
			productName = ContapUITests;
			productReference = FE358CC71CB962C1006056AD /* ContapUITests.xctest */;
			productType = "com.apple.product-type.bundle.ui-testing";
		};
/* End PBXNativeTarget section */

/* Begin PBXProject section */
		FE358CA01CB962C0006056AD /* Project object */ = {
			isa = PBXProject;
			attributes = {
				LastSwiftUpdateCheck = 0730;
				LastUpgradeCheck = 0730;
				ORGANIZATIONNAME = "Alyssa McDevitt";
				TargetAttributes = {
					FE358CA71CB962C0006056AD = {
						CreatedOnToolsVersion = 7.3;
					};
					FE358CBB1CB962C1006056AD = {
						CreatedOnToolsVersion = 7.3;
						TestTargetID = FE358CA71CB962C0006056AD;
					};
					FE358CC61CB962C1006056AD = {
						CreatedOnToolsVersion = 7.3;
						TestTargetID = FE358CA71CB962C0006056AD;
					};
				};
			};
			buildConfigurationList = FE358CA31CB962C0006056AD /* Build configuration list for PBXProject "Contap" */;
			compatibilityVersion = "Xcode 3.2";
			developmentRegion = English;
			hasScannedForEncodings = 0;
			knownRegions = (
				en,
				Base,
			);
			mainGroup = FE358C9F1CB962C0006056AD;
			productRefGroup = FE358CA91CB962C0006056AD /* Products */;
			projectDirPath = "";
			projectReferences = (
				{
					ProductGroup = FE358CE01CB9E749006056AD /* Products */;
					ProjectRef = FE358CDF1CB9E749006056AD /* Alamofire.xcodeproj */;
				},
			);
			projectRoot = "";
			targets = (
				FE358CA71CB962C0006056AD /* Contap */,
				FE358CBB1CB962C1006056AD /* ContapTests */,
				FE358CC61CB962C1006056AD /* ContapUITests */,
			);
		};
/* End PBXProject section */

/* Begin PBXReferenceProxy section */
		FE358CEA1CB9E749006056AD /* Alamofire.framework */ = {
			isa = PBXReferenceProxy;
			fileType = wrapper.framework;
			path = Alamofire.framework;
			remoteRef = FE358CE91CB9E749006056AD /* PBXContainerItemProxy */;
			sourceTree = BUILT_PRODUCTS_DIR;
		};
		FE358CEC1CB9E749006056AD /* Alamofire iOS Tests.xctest */ = {
			isa = PBXReferenceProxy;
			fileType = wrapper.cfbundle;
			path = "Alamofire iOS Tests.xctest";
			remoteRef = FE358CEB1CB9E749006056AD /* PBXContainerItemProxy */;
			sourceTree = BUILT_PRODUCTS_DIR;
		};
		FE358CEE1CB9E749006056AD /* Alamofire.framework */ = {
			isa = PBXReferenceProxy;
			fileType = wrapper.framework;
			path = Alamofire.framework;
			remoteRef = FE358CED1CB9E749006056AD /* PBXContainerItemProxy */;
			sourceTree = BUILT_PRODUCTS_DIR;
		};
		FE358CF01CB9E749006056AD /* Alamofire OSX Tests.xctest */ = {
			isa = PBXReferenceProxy;
			fileType = wrapper.cfbundle;
			path = "Alamofire OSX Tests.xctest";
			remoteRef = FE358CEF1CB9E749006056AD /* PBXContainerItemProxy */;
			sourceTree = BUILT_PRODUCTS_DIR;
		};
		FE358CF21CB9E749006056AD /* Alamofire.framework */ = {
			isa = PBXReferenceProxy;
			fileType = wrapper.framework;
			path = Alamofire.framework;
			remoteRef = FE358CF11CB9E749006056AD /* PBXContainerItemProxy */;
			sourceTree = BUILT_PRODUCTS_DIR;
		};
		FE358CF41CB9E749006056AD /* Alamofire tvOS Tests.xctest */ = {
			isa = PBXReferenceProxy;
			fileType = wrapper.cfbundle;
			path = "Alamofire tvOS Tests.xctest";
			remoteRef = FE358CF31CB9E749006056AD /* PBXContainerItemProxy */;
			sourceTree = BUILT_PRODUCTS_DIR;
		};
		FE358CF61CB9E749006056AD /* Alamofire.framework */ = {
			isa = PBXReferenceProxy;
			fileType = wrapper.framework;
			path = Alamofire.framework;
			remoteRef = FE358CF51CB9E749006056AD /* PBXContainerItemProxy */;
			sourceTree = BUILT_PRODUCTS_DIR;
		};
/* End PBXReferenceProxy section */

/* Begin PBXResourcesBuildPhase section */
		FE358CA61CB962C0006056AD /* Resources */ = {
			isa = PBXResourcesBuildPhase;
			buildActionMask = 2147483647;
			files = (
				FE358CB61CB962C0006056AD /* LaunchScreen.storyboard in Resources */,
				FE358CB31CB962C0006056AD /* Assets.xcassets in Resources */,
				FE358CB11CB962C0006056AD /* Main.storyboard in Resources */,
			);
			runOnlyForDeploymentPostprocessing = 0;
		};
		FE358CBA1CB962C1006056AD /* Resources */ = {
			isa = PBXResourcesBuildPhase;
			buildActionMask = 2147483647;
			files = (
			);
			runOnlyForDeploymentPostprocessing = 0;
		};
		FE358CC51CB962C1006056AD /* Resources */ = {
			isa = PBXResourcesBuildPhase;
			buildActionMask = 2147483647;
			files = (
			);
			runOnlyForDeploymentPostprocessing = 0;
		};
/* End PBXResourcesBuildPhase section */

/* Begin PBXSourcesBuildPhase section */
		FE358CA41CB962C0006056AD /* Sources */ = {
			isa = PBXSourcesBuildPhase;
			buildActionMask = 2147483647;
			files = (
				FE358CAE1CB962C0006056AD /* ViewController.swift in Sources */,
				8BE806091CB9FC5A0009F3C1 /* TapViewController.swift in Sources */,
				FE358CDA1CB979CF006056AD /* navigationBar.swift in Sources */,
				FE358CDC1CB9A345006056AD /* NearbyTableViewController.swift in Sources */,
				FE358CAC1CB962C0006056AD /* AppDelegate.swift in Sources */,
				FE358CF81CB9E81B006056AD /* ResultTableViewCell.swift in Sources */,
				8BE806111CBA06870009F3C1 /* SuccessViewController.swift in Sources */,
				FE358CDE1CB9E20A006056AD /* SignUpViewController.swift in Sources */,
			);
			runOnlyForDeploymentPostprocessing = 0;
		};
		FE358CB81CB962C1006056AD /* Sources */ = {
			isa = PBXSourcesBuildPhase;
			buildActionMask = 2147483647;
			files = (
				FE358CC11CB962C1006056AD /* ContapTests.swift in Sources */,
			);
			runOnlyForDeploymentPostprocessing = 0;
		};
		FE358CC31CB962C1006056AD /* Sources */ = {
			isa = PBXSourcesBuildPhase;
			buildActionMask = 2147483647;
			files = (
				FE358CCC1CB962C1006056AD /* ContapUITests.swift in Sources */,
			);
			runOnlyForDeploymentPostprocessing = 0;
		};
/* End PBXSourcesBuildPhase section */

/* Begin PBXTargetDependency section */
		FE358CBE1CB962C1006056AD /* PBXTargetDependency */ = {
			isa = PBXTargetDependency;
			target = FE358CA71CB962C0006056AD /* Contap */;
			targetProxy = FE358CBD1CB962C1006056AD /* PBXContainerItemProxy */;
		};
		FE358CC91CB962C1006056AD /* PBXTargetDependency */ = {
			isa = PBXTargetDependency;
			target = FE358CA71CB962C0006056AD /* Contap */;
			targetProxy = FE358CC81CB962C1006056AD /* PBXContainerItemProxy */;
		};
		FE358D041CB9EC9A006056AD /* PBXTargetDependency */ = {
			isa = PBXTargetDependency;
			name = "Alamofire iOS";
			targetProxy = FE358D031CB9EC9A006056AD /* PBXContainerItemProxy */;
		};
/* End PBXTargetDependency section */

/* Begin PBXVariantGroup section */
		FE358CAF1CB962C0006056AD /* Main.storyboard */ = {
			isa = PBXVariantGroup;
			children = (
				FE358CB01CB962C0006056AD /* Base */,
			);
			name = Main.storyboard;
			sourceTree = "<group>";
		};
		FE358CB41CB962C0006056AD /* LaunchScreen.storyboard */ = {
			isa = PBXVariantGroup;
			children = (
				FE358CB51CB962C0006056AD /* Base */,
			);
			name = LaunchScreen.storyboard;
			sourceTree = "<group>";
		};
/* End PBXVariantGroup section */

/* Begin XCBuildConfiguration section */
		FE358CCE1CB962C1006056AD /* Debug */ = {
			isa = XCBuildConfiguration;
			buildSettings = {
				ALWAYS_SEARCH_USER_PATHS = NO;
				CLANG_ANALYZER_NONNULL = YES;
				CLANG_CXX_LANGUAGE_STANDARD = "gnu++0x";
				CLANG_CXX_LIBRARY = "libc++";
				CLANG_ENABLE_MODULES = YES;
				CLANG_ENABLE_OBJC_ARC = YES;
				CLANG_WARN_BOOL_CONVERSION = YES;
				CLANG_WARN_CONSTANT_CONVERSION = YES;
				CLANG_WARN_DIRECT_OBJC_ISA_USAGE = YES_ERROR;
				CLANG_WARN_EMPTY_BODY = YES;
				CLANG_WARN_ENUM_CONVERSION = YES;
				CLANG_WARN_INT_CONVERSION = YES;
				CLANG_WARN_OBJC_ROOT_CLASS = YES_ERROR;
				CLANG_WARN_UNREACHABLE_CODE = YES;
				CLANG_WARN__DUPLICATE_METHOD_MATCH = YES;
				"CODE_SIGN_IDENTITY[sdk=iphoneos*]" = "iPhone Developer";
				COPY_PHASE_STRIP = NO;
				DEBUG_INFORMATION_FORMAT = dwarf;
				ENABLE_STRICT_OBJC_MSGSEND = YES;
				ENABLE_TESTABILITY = YES;
				GCC_C_LANGUAGE_STANDARD = gnu99;
				GCC_DYNAMIC_NO_PIC = NO;
				GCC_NO_COMMON_BLOCKS = YES;
				GCC_OPTIMIZATION_LEVEL = 0;
				GCC_PREPROCESSOR_DEFINITIONS = (
					"DEBUG=1",
					"$(inherited)",
				);
				GCC_WARN_64_TO_32_BIT_CONVERSION = YES;
				GCC_WARN_ABOUT_RETURN_TYPE = YES_ERROR;
				GCC_WARN_UNDECLARED_SELECTOR = YES;
				GCC_WARN_UNINITIALIZED_AUTOS = YES_AGGRESSIVE;
				GCC_WARN_UNUSED_FUNCTION = YES;
				GCC_WARN_UNUSED_VARIABLE = YES;
				IPHONEOS_DEPLOYMENT_TARGET = 9.3;
				MTL_ENABLE_DEBUG_INFO = YES;
				ONLY_ACTIVE_ARCH = YES;
				SDKROOT = iphoneos;
				SWIFT_OPTIMIZATION_LEVEL = "-Onone";
			};
			name = Debug;
		};
		FE358CCF1CB962C1006056AD /* Release */ = {
			isa = XCBuildConfiguration;
			buildSettings = {
				ALWAYS_SEARCH_USER_PATHS = NO;
				CLANG_ANALYZER_NONNULL = YES;
				CLANG_CXX_LANGUAGE_STANDARD = "gnu++0x";
				CLANG_CXX_LIBRARY = "libc++";
				CLANG_ENABLE_MODULES = YES;
				CLANG_ENABLE_OBJC_ARC = YES;
				CLANG_WARN_BOOL_CONVERSION = YES;
				CLANG_WARN_CONSTANT_CONVERSION = YES;
				CLANG_WARN_DIRECT_OBJC_ISA_USAGE = YES_ERROR;
				CLANG_WARN_EMPTY_BODY = YES;
				CLANG_WARN_ENUM_CONVERSION = YES;
				CLANG_WARN_INT_CONVERSION = YES;
				CLANG_WARN_OBJC_ROOT_CLASS = YES_ERROR;
				CLANG_WARN_UNREACHABLE_CODE = YES;
				CLANG_WARN__DUPLICATE_METHOD_MATCH = YES;
				"CODE_SIGN_IDENTITY[sdk=iphoneos*]" = "iPhone Developer";
				COPY_PHASE_STRIP = NO;
				DEBUG_INFORMATION_FORMAT = "dwarf-with-dsym";
				ENABLE_NS_ASSERTIONS = NO;
				ENABLE_STRICT_OBJC_MSGSEND = YES;
				GCC_C_LANGUAGE_STANDARD = gnu99;
				GCC_NO_COMMON_BLOCKS = YES;
				GCC_WARN_64_TO_32_BIT_CONVERSION = YES;
				GCC_WARN_ABOUT_RETURN_TYPE = YES_ERROR;
				GCC_WARN_UNDECLARED_SELECTOR = YES;
				GCC_WARN_UNINITIALIZED_AUTOS = YES_AGGRESSIVE;
				GCC_WARN_UNUSED_FUNCTION = YES;
				GCC_WARN_UNUSED_VARIABLE = YES;
				IPHONEOS_DEPLOYMENT_TARGET = 9.3;
				MTL_ENABLE_DEBUG_INFO = NO;
				SDKROOT = iphoneos;
				VALIDATE_PRODUCT = YES;
			};
			name = Release;
		};
		FE358CD11CB962C1006056AD /* Debug */ = {
			isa = XCBuildConfiguration;
			buildSettings = {
				ASSETCATALOG_COMPILER_APPICON_NAME = AppIcon;
				EMBEDDED_CONTENT_CONTAINS_SWIFT = YES;
				INFOPLIST_FILE = Contap/Info.plist;
				IPHONEOS_DEPLOYMENT_TARGET = 8.0;
				LD_RUNPATH_SEARCH_PATHS = "$(inherited) @executable_path/Frameworks";
				PRODUCT_BUNDLE_IDENTIFIER = com.AlyssaMcDevitt.post.Contap;
				PRODUCT_NAME = "$(TARGET_NAME)";
			};
			name = Debug;
		};
		FE358CD21CB962C1006056AD /* Release */ = {
			isa = XCBuildConfiguration;
			buildSettings = {
				ASSETCATALOG_COMPILER_APPICON_NAME = AppIcon;
				EMBEDDED_CONTENT_CONTAINS_SWIFT = YES;
				INFOPLIST_FILE = Contap/Info.plist;
				IPHONEOS_DEPLOYMENT_TARGET = 8.0;
				LD_RUNPATH_SEARCH_PATHS = "$(inherited) @executable_path/Frameworks";
				PRODUCT_BUNDLE_IDENTIFIER = com.AlyssaMcDevitt.post.Contap;
				PRODUCT_NAME = "$(TARGET_NAME)";
			};
			name = Release;
		};
		FE358CD41CB962C1006056AD /* Debug */ = {
			isa = XCBuildConfiguration;
			buildSettings = {
				BUNDLE_LOADER = "$(TEST_HOST)";
				INFOPLIST_FILE = ContapTests/Info.plist;
				LD_RUNPATH_SEARCH_PATHS = "$(inherited) @executable_path/Frameworks @loader_path/Frameworks";
				PRODUCT_BUNDLE_IDENTIFIER = com.AlyssaMcDevitt.post.ContapTests;
				PRODUCT_NAME = "$(TARGET_NAME)";
				TEST_HOST = "$(BUILT_PRODUCTS_DIR)/Contap.app/Contap";
			};
			name = Debug;
		};
		FE358CD51CB962C1006056AD /* Release */ = {
			isa = XCBuildConfiguration;
			buildSettings = {
				BUNDLE_LOADER = "$(TEST_HOST)";
				INFOPLIST_FILE = ContapTests/Info.plist;
				LD_RUNPATH_SEARCH_PATHS = "$(inherited) @executable_path/Frameworks @loader_path/Frameworks";
				PRODUCT_BUNDLE_IDENTIFIER = com.AlyssaMcDevitt.post.ContapTests;
				PRODUCT_NAME = "$(TARGET_NAME)";
				TEST_HOST = "$(BUILT_PRODUCTS_DIR)/Contap.app/Contap";
			};
			name = Release;
		};
		FE358CD71CB962C1006056AD /* Debug */ = {
			isa = XCBuildConfiguration;
			buildSettings = {
				INFOPLIST_FILE = ContapUITests/Info.plist;
				LD_RUNPATH_SEARCH_PATHS = "$(inherited) @executable_path/Frameworks @loader_path/Frameworks";
				PRODUCT_BUNDLE_IDENTIFIER = com.AlyssaMcDevitt.post.ContapUITests;
				PRODUCT_NAME = "$(TARGET_NAME)";
				TEST_TARGET_NAME = Contap;
			};
			name = Debug;
		};
		FE358CD81CB962C1006056AD /* Release */ = {
			isa = XCBuildConfiguration;
			buildSettings = {
				INFOPLIST_FILE = ContapUITests/Info.plist;
				LD_RUNPATH_SEARCH_PATHS = "$(inherited) @executable_path/Frameworks @loader_path/Frameworks";
				PRODUCT_BUNDLE_IDENTIFIER = com.AlyssaMcDevitt.post.ContapUITests;
				PRODUCT_NAME = "$(TARGET_NAME)";
				TEST_TARGET_NAME = Contap;
			};
			name = Release;
		};
/* End XCBuildConfiguration section */

/* Begin XCConfigurationList section */
		FE358CA31CB962C0006056AD /* Build configuration list for PBXProject "Contap" */ = {
			isa = XCConfigurationList;
			buildConfigurations = (
				FE358CCE1CB962C1006056AD /* Debug */,
				FE358CCF1CB962C1006056AD /* Release */,
			);
			defaultConfigurationIsVisible = 0;
			defaultConfigurationName = Release;
		};
		FE358CD01CB962C1006056AD /* Build configuration list for PBXNativeTarget "Contap" */ = {
			isa = XCConfigurationList;
			buildConfigurations = (
				FE358CD11CB962C1006056AD /* Debug */,
				FE358CD21CB962C1006056AD /* Release */,
			);
			defaultConfigurationIsVisible = 0;
			defaultConfigurationName = Release;
		};
		FE358CD31CB962C1006056AD /* Build configuration list for PBXNativeTarget "ContapTests" */ = {
			isa = XCConfigurationList;
			buildConfigurations = (
				FE358CD41CB962C1006056AD /* Debug */,
				FE358CD51CB962C1006056AD /* Release */,
			);
			defaultConfigurationIsVisible = 0;
			defaultConfigurationName = Release;
		};
		FE358CD61CB962C1006056AD /* Build configuration list for PBXNativeTarget "ContapUITests" */ = {
			isa = XCConfigurationList;
			buildConfigurations = (
				FE358CD71CB962C1006056AD /* Debug */,
				FE358CD81CB962C1006056AD /* Release */,
			);
			defaultConfigurationIsVisible = 0;
			defaultConfigurationName = Release;
		};
/* End XCConfigurationList section */
	};
	rootObject = FE358CA01CB962C0006056AD /* Project object */;
}
